# @generated - this file is auto-generated by `mise lock` https://mise.jdx.dev/dev-tools/mise-lock.html

[[tools."go:sigs.k8s.io/controller-runtime/tools/setup-envtest"]]
version = "0.24.1"
backend = "go:sigs.k8s.io/controller-runtime/tools/setup-envtest"

[[tools."go:sigs.k8s.io/controller-tools/cmd/controller-gen"]]
version = "0.21.0"
backend = "go:sigs.k8s.io/controller-tools/cmd/controller-gen"
