# @generated - this file is auto-generated by `mise lock` https://mise.jdx.dev/dev-tools/mise-lock.html

[[tools."aqua:google/osv-scanner"]]
version = "2.5.1"
backend = "aqua:google/osv-scanner"

[tools."aqua:google/osv-scanner"."platforms.linux-arm64"]
checksum = "sha256:3d0f5aa5a6baa8eb32bcef247388e149ef6030a6634ccae6fa0d62681fb27a6d"
url = "https://github.com/google/osv-scanner/releases/download/v2.5.1/osv-scanner_linux_arm64"
url_api = "https://api.github.com/repos/google/osv-scanner/releases/assets/517615386"

[tools."aqua:google/osv-scanner"."platforms.linux-arm64".provenance.slsa]
url = "https://github.com/google/osv-scanner/releases/download/v2.5.1/multiple.intoto.jsonl"

[tools."aqua:google/osv-scanner"."platforms.linux-arm64-musl"]
checksum = "sha256:3d0f5aa5a6baa8eb32bcef247388e149ef6030a6634ccae6fa0d62681fb27a6d"
url = "https://github.com/google/osv-scanner/releases/download/v2.5.1/osv-scanner_linux_arm64"
url_api = "https://api.github.com/repos/google/osv-scanner/releases/assets/517615386"

[tools."aqua:google/osv-scanner"."platforms.linux-arm64-musl".provenance.slsa]
url = "https://github.com/google/osv-scanner/releases/download/v2.5.1/multiple.intoto.jsonl"

[tools."aqua:google/osv-scanner"."platforms.linux-x64"]
checksum = "sha256:f9f25499a2c8cc367b3af45df2ea7eeca7fbccceab9c35079968f4b3652194be"
url = "https://github.com/google/osv-scanner/releases/download/v2.5.1/osv-scanner_linux_amd64"
url_api = "https://api.github.com/repos/google/osv-scanner/releases/assets/517615411"

[tools."aqua:google/osv-scanner"."platforms.linux-x64".provenance.slsa]
url = "https://github.com/google/osv-scanner/releases/download/v2.5.1/multiple.intoto.jsonl"

[tools."aqua:google/osv-scanner"."platforms.linux-x64-musl"]
checksum = "sha256:f9f25499a2c8cc367b3af45df2ea7eeca7fbccceab9c35079968f4b3652194be"
url = "https://github.com/google/osv-scanner/releases/download/v2.5.1/osv-scanner_linux_amd64"
url_api = "https://api.github.com/repos/google/osv-scanner/releases/assets/517615411"

[tools."aqua:google/osv-scanner"."platforms.linux-x64-musl".provenance.slsa]
url = "https://github.com/google/osv-scanner/releases/download/v2.5.1/multiple.intoto.jsonl"

[tools."aqua:google/osv-scanner"."platforms.macos-arm64"]
checksum = "sha256:75c44d6332f892a1e56286f4105a98ed751ae28d215ca0a8b65cc00d84103054"
url = "https://github.com/google/osv-scanner/releases/download/v2.5.1/osv-scanner_darwin_arm64"
url_api = "https://api.github.com/repos/google/osv-scanner/releases/assets/517615384"

[tools."aqua:google/osv-scanner"."platforms.macos-arm64".provenance.slsa]
url = "https://github.com/google/osv-scanner/releases/download/v2.5.1/multiple.intoto.jsonl"

[tools."aqua:google/osv-scanner"."platforms.macos-x64"]
checksum = "sha256:9f89beb6c3d784893cb1cae0a3d56c529bfe91075418c2f9440c45b79654198b"
url = "https://github.com/google/osv-scanner/releases/download/v2.5.1/osv-scanner_darwin_amd64"
url_api = "https://api.github.com/repos/google/osv-scanner/releases/assets/517615385"

[tools."aqua:google/osv-scanner"."platforms.macos-x64".provenance.slsa]
url = "https://github.com/google/osv-scanner/releases/download/v2.5.1/multiple.intoto.jsonl"

[tools."aqua:google/osv-scanner"."platforms.windows-x64"]
checksum = "sha256:25e42f5ef6711fd8c0fb45390972205891dd44c6bd02ac93f0f63e8e98d9bfb6"
url = "https://github.com/google/osv-scanner/releases/download/v2.5.1/osv-scanner_windows_amd64.exe"
url_api = "https://api.github.com/repos/google/osv-scanner/releases/assets/517615387"

[tools."aqua:google/osv-scanner"."platforms.windows-x64".provenance.slsa]
url = "https://github.com/google/osv-scanner/releases/download/v2.5.1/multiple.intoto.jsonl"

[[tools."aqua:mikefarah/yq"]]
version = "4.53.4"
backend = "aqua:mikefarah/yq"

[tools."aqua:mikefarah/yq"."platforms.linux-arm64"]
checksum = "sha256:8c3cf4cff01536588947b6e0ba1544768039e34054cd9ca8a9e4c5706dfb8631"
url = "https://github.com/mikefarah/yq/releases/download/v4.53.4/yq_linux_arm64"
url_api = "https://api.github.com/repos/mikefarah/yq/releases/assets/520402292"
provenance = "cosign"

[tools."aqua:mikefarah/yq"."platforms.linux-arm64-musl"]
checksum = "sha256:8c3cf4cff01536588947b6e0ba1544768039e34054cd9ca8a9e4c5706dfb8631"
url = "https://github.com/mikefarah/yq/releases/download/v4.53.4/yq_linux_arm64"
url_api = "https://api.github.com/repos/mikefarah/yq/releases/assets/520402292"
provenance = "cosign"

[tools."aqua:mikefarah/yq"."platforms.linux-x64"]
checksum = "sha256:f67d8a6a2dc2308c961f83d5ba8707fd4c7c44ad77902fef87eb3a4646cdfa2a"
url = "https://github.com/mikefarah/yq/releases/download/v4.53.4/yq_linux_amd64"
url_api = "https://api.github.com/repos/mikefarah/yq/releases/assets/520402337"
provenance = "cosign"

[tools."aqua:mikefarah/yq"."platforms.linux-x64-musl"]
checksum = "sha256:f67d8a6a2dc2308c961f83d5ba8707fd4c7c44ad77902fef87eb3a4646cdfa2a"
url = "https://github.com/mikefarah/yq/releases/download/v4.53.4/yq_linux_amd64"
url_api = "https://api.github.com/repos/mikefarah/yq/releases/assets/520402337"
provenance = "cosign"

[tools."aqua:mikefarah/yq"."platforms.macos-arm64"]
checksum = "sha256:e2cf7aa3e7402a25798c4a131a8c38514efdabdc185ca081efd134448aef0428"
url = "https://github.com/mikefarah/yq/releases/download/v4.53.4/yq_darwin_arm64"
url_api = "https://api.github.com/repos/mikefarah/yq/releases/assets/520402323"
provenance = "cosign"

[tools."aqua:mikefarah/yq"."platforms.macos-x64"]
checksum = "sha256:5b81548feb916f7bc312fb0d119ea7c2103be81f12fbe7862d8ee435381f5613"
url = "https://github.com/mikefarah/yq/releases/download/v4.53.4/yq_darwin_amd64"
url_api = "https://api.github.com/repos/mikefarah/yq/releases/assets/520402310"
provenance = "cosign"

[tools."aqua:mikefarah/yq"."platforms.windows-x64"]
checksum = "sha256:acf5c8f9b49b173a30c413636a72a0cc4eccecc3eed137fd0b2c89587a1c8766"
url = "https://github.com/mikefarah/yq/releases/download/v4.53.4/yq_windows_amd64.exe"
url_api = "https://api.github.com/repos/mikefarah/yq/releases/assets/520402299"
provenance = "cosign"

[[tools."go:golang.org/x/perf/cmd/benchstat"]]
version = "0.0.0-20260709024250-82a0b07e230d"
backend = "go:golang.org/x/perf/cmd/benchstat"

[[tools."go:sigs.k8s.io/controller-runtime/tools/setup-envtest"]]
version = "0.24.1"
backend = "go:sigs.k8s.io/controller-runtime/tools/setup-envtest"

[[tools."go:sigs.k8s.io/controller-tools/cmd/controller-gen"]]
version = "0.21.0"
backend = "go:sigs.k8s.io/controller-tools/cmd/controller-gen"
