# @generated - this file is auto-generated by `mise lock` https://mise.jdx.dev/dev-tools/mise-lock.html

[[tools."aqua:google/osv-scanner"]]
version = "2.6.0"
backend = "aqua:google/osv-scanner"

[tools."aqua:google/osv-scanner"."platforms.linux-arm64"]
checksum = "sha256:2c71403eb443d05891c4f268c3ad771cf4f16e5443463fd7851ef8f454d3c7e4"
url = "https://github.com/google/osv-scanner/releases/download/v2.6.0/osv-scanner_linux_arm64"
url_api = "https://api.github.com/repos/google/osv-scanner/releases/assets/562414650"

[tools."aqua:google/osv-scanner"."platforms.linux-arm64-musl"]
checksum = "sha256:2c71403eb443d05891c4f268c3ad771cf4f16e5443463fd7851ef8f454d3c7e4"
url = "https://github.com/google/osv-scanner/releases/download/v2.6.0/osv-scanner_linux_arm64"
url_api = "https://api.github.com/repos/google/osv-scanner/releases/assets/562414650"

[tools."aqua:google/osv-scanner"."platforms.linux-x64"]
checksum = "sha256:ca69b3d3cd08f889a49dc0a383122f71cc528b83803671df5fd874d97485b108"
url = "https://github.com/google/osv-scanner/releases/download/v2.6.0/osv-scanner_linux_amd64"
url_api = "https://api.github.com/repos/google/osv-scanner/releases/assets/562414718"

[tools."aqua:google/osv-scanner"."platforms.linux-x64-musl"]
checksum = "sha256:ca69b3d3cd08f889a49dc0a383122f71cc528b83803671df5fd874d97485b108"
url = "https://github.com/google/osv-scanner/releases/download/v2.6.0/osv-scanner_linux_amd64"
url_api = "https://api.github.com/repos/google/osv-scanner/releases/assets/562414718"

[tools."aqua:google/osv-scanner"."platforms.macos-arm64"]
checksum = "sha256:98c460dcd37de25819babd757d04542045b6243113e209edcd4d89fedb0256b4"
url = "https://github.com/google/osv-scanner/releases/download/v2.6.0/osv-scanner_darwin_arm64"
url_api = "https://api.github.com/repos/google/osv-scanner/releases/assets/562414648"

[tools."aqua:google/osv-scanner"."platforms.macos-x64"]
checksum = "sha256:60c5296637e977b28eeda5c7f13573e447659a632922737f94d11fa7e30ad6ca"
url = "https://github.com/google/osv-scanner/releases/download/v2.6.0/osv-scanner_darwin_amd64"
url_api = "https://api.github.com/repos/google/osv-scanner/releases/assets/562414712"

[tools."aqua:google/osv-scanner"."platforms.windows-x64"]
checksum = "sha256:e0ed7644118b717b028c249ee9d3515024e55e8510747ca08906eb96765354d6"
url = "https://github.com/google/osv-scanner/releases/download/v2.6.0/osv-scanner_windows_amd64.exe"
url_api = "https://api.github.com/repos/google/osv-scanner/releases/assets/562414649"

[[tools."aqua:mikefarah/yq"]]
version = "4.54.1"
backend = "aqua:mikefarah/yq"

[tools."aqua:mikefarah/yq"."platforms.linux-arm64"]
checksum = "sha256:189088da0c6429ec5178dfaab1a114805f6cab0b61b165ab236efedf1d57a71b"
url = "https://github.com/mikefarah/yq/releases/download/v4.54.1/yq_linux_arm64"
url_api = "https://api.github.com/repos/mikefarah/yq/releases/assets/597222603"
provenance = "cosign"

[tools."aqua:mikefarah/yq"."platforms.linux-arm64-musl"]
checksum = "sha256:189088da0c6429ec5178dfaab1a114805f6cab0b61b165ab236efedf1d57a71b"
url = "https://github.com/mikefarah/yq/releases/download/v4.54.1/yq_linux_arm64"
url_api = "https://api.github.com/repos/mikefarah/yq/releases/assets/597222603"
provenance = "cosign"

[tools."aqua:mikefarah/yq"."platforms.linux-x64"]
checksum = "sha256:8e34fc298390875de416e6a4afcb8cabeceb25d9aa8506c1a2f9353cf702ea5f"
url = "https://github.com/mikefarah/yq/releases/download/v4.54.1/yq_linux_amd64"
url_api = "https://api.github.com/repos/mikefarah/yq/releases/assets/597222595"
provenance = "cosign"

[tools."aqua:mikefarah/yq"."platforms.linux-x64-musl"]
checksum = "sha256:8e34fc298390875de416e6a4afcb8cabeceb25d9aa8506c1a2f9353cf702ea5f"
url = "https://github.com/mikefarah/yq/releases/download/v4.54.1/yq_linux_amd64"
url_api = "https://api.github.com/repos/mikefarah/yq/releases/assets/597222595"
provenance = "cosign"

[tools."aqua:mikefarah/yq"."platforms.macos-arm64"]
checksum = "sha256:fee511a181bd8b3e6b7da98842b41973bfac8cd3bcd341ed29a584620b5b2844"
url = "https://github.com/mikefarah/yq/releases/download/v4.54.1/yq_darwin_arm64"
url_api = "https://api.github.com/repos/mikefarah/yq/releases/assets/597222609"
provenance = "cosign"

[tools."aqua:mikefarah/yq"."platforms.macos-x64"]
checksum = "sha256:3a812fce205a4d67014fb71b7fa297092210e580df3d8f52dddc2cf3a599c22b"
url = "https://github.com/mikefarah/yq/releases/download/v4.54.1/yq_darwin_amd64"
url_api = "https://api.github.com/repos/mikefarah/yq/releases/assets/597222619"
provenance = "cosign"

[tools."aqua:mikefarah/yq"."platforms.windows-x64"]
checksum = "sha256:b645f47ebb3a0d2fbab52998550bbd0a1706f23b5ca5f5b48e638c580bb70928"
url = "https://github.com/mikefarah/yq/releases/download/v4.54.1/yq_windows_amd64.exe"
url_api = "https://api.github.com/repos/mikefarah/yq/releases/assets/597222575"
provenance = "cosign"

[[tools."go:golang.org/x/perf/cmd/benchstat"]]
version = "0.0.0-20260709024250-82a0b07e230d"
backend = "go:golang.org/x/perf/cmd/benchstat"

[[tools."go:sigs.k8s.io/controller-runtime/tools/setup-envtest"]]
version = "0.25.2"
backend = "go:sigs.k8s.io/controller-runtime/tools/setup-envtest"

[[tools."go:sigs.k8s.io/controller-tools/cmd/controller-gen"]]
version = "0.22.0"
backend = "go:sigs.k8s.io/controller-tools/cmd/controller-gen"
